
Microsoft Visual Studio Solution File, Format Version 12.00
# Visual Studio Version 17
VisualStudioVersion = 17.4.33213.308
MinimumVisualStudioVersion = 10.0.40219.1
Project("{9A19103F-16F7-4668-BE54-9A1E7A4F7556}") = "WordGoal.API", "WordGoal.API\WordGoal.API.csproj", "{054655E8-CE7F-4608-8A07-88CD6A6224EA}"
EndProject
Project("{9A19103F-16F7-4668-BE54-9A1E7A4F7556}") = "WordGoal.Domain", "WordGoal.Domain\WordGoal.Domain.csproj", "{5A1E27BA-1F1D-492D-891D-59D7C6C9556C}"
EndProject
Project("{9A19103F-16F7-4668-BE54-9A1E7A4F7556}") = "WordGoal.Data", "WordGoal.Data\WordGoal.Data.csproj", "{B214FAC9-46F2-4A6C-81C1-38D9F97BB225}"
EndProject
Project("{54A90642-561A-4BB1-A94E-469ADEE60C69}") = "wordgoal.web", "WordGoal.Web\wordgoal.web.esproj", "{618CA365-C0BD-4A97-B96A-F52E7216CFE4}"
EndProject
Global
	GlobalSection(SolutionConfigurationPlatforms) = preSolution
		Debug|Any CPU = Debug|Any CPU
		Release|Any CPU = Release|Any CPU
	EndGlobalSection
	GlobalSection(ProjectConfigurationPlatforms) = postSolution
		{054655E8-CE7F-4608-8A07-88CD6A6224EA}.Debug|Any CPU.ActiveCfg = Debug|Any CPU
		{054655E8-CE7F-4608-8A07-88CD6A6224EA}.Debug|Any CPU.Build.0 = Debug|Any CPU
		{054655E8-CE7F-4608-8A07-88CD6A6224EA}.Release|Any CPU.ActiveCfg = Release|Any CPU
		{054655E8-CE7F-4608-8A07-88CD6A6224EA}.Release|Any CPU.Build.0 = Release|Any CPU
		{5A1E27BA-1F1D-492D-891D-59D7C6C9556C}.Debug|Any CPU.ActiveCfg = Debug|Any CPU
		{5A1E27BA-1F1D-492D-891D-59D7C6C9556C}.Debug|Any CPU.Build.0 = Debug|Any CPU
		{5A1E27BA-1F1D-492D-891D-59D7C6C9556C}.Release|Any CPU.ActiveCfg = Release|Any CPU
		{5A1E27BA-1F1D-492D-891D-59D7C6C9556C}.Release|Any CPU.Build.0 = Release|Any CPU
		{B214FAC9-46F2-4A6C-81C1-38D9F97BB225}.Debug|Any CPU.ActiveCfg = Debug|Any CPU
		{B214FAC9-46F2-4A6C-81C1-38D9F97BB225}.Debug|Any CPU.Build.0 = Debug|Any CPU
		{B214FAC9-46F2-4A6C-81C1-38D9F97BB225}.Release|Any CPU.ActiveCfg = Release|Any CPU
		{B214FAC9-46F2-4A6C-81C1-38D9F97BB225}.Release|Any CPU.Build.0 = Release|Any CPU
		{618CA365-C0BD-4A97-B96A-F52E7216CFE4}.Debug|Any CPU.ActiveCfg = Debug|Any CPU
		{618CA365-C0BD-4A97-B96A-F52E7216CFE4}.Debug|Any CPU.Build.0 = Debug|Any CPU
		{618CA365-C0BD-4A97-B96A-F52E7216CFE4}.Debug|Any CPU.Deploy.0 = Debug|Any CPU
		{618CA365-C0BD-4A97-B96A-F52E7216CFE4}.Release|Any CPU.ActiveCfg = Release|Any CPU
		{618CA365-C0BD-4A97-B96A-F52E7216CFE4}.Release|Any CPU.Build.0 = Release|Any CPU
		{618CA365-C0BD-4A97-B96A-F52E7216CFE4}.Release|Any CPU.Deploy.0 = Release|Any CPU
	EndGlobalSection
	GlobalSection(SolutionProperties) = preSolution
		HideSolutionNode = FALSE
	EndGlobalSection
	GlobalSection(ExtensibilityGlobals) = postSolution
		SolutionGuid = {3529B6C5-9EBF-453B-9EC1-96139E845CDC}
	EndGlobalSection
EndGlobal
